
Microsoft Visual Studio Solution File, Format Version 12.00
# Visual Studio Version 17
VisualStudioVersion = 17.1.32421.90
MinimumVisualStudioVersion = 10.0.40219.1
Project("{FAE04EC0-301F-11D3-BF4B-00C04F79EFBC}") = "RefletMaker", "RefletMaker\RefletMaker.csproj", "{1ACCD868-8203-498F-97CC-C4C6BE852432}"
EndProject
Global
	GlobalSection(SolutionConfigurationPlatforms) = preSolution
		Debug|Any CPU = Debug|Any CPU
		Release|Any CPU = Release|Any CPU
	EndGlobalSection
	GlobalSection(ProjectConfigurationPlatforms) = postSolution
		{1ACCD868-8203-498F-97CC-C4C6BE852432}.Debug|Any CPU.ActiveCfg = Debug|Any CPU
		{1ACCD868-8203-498F-97CC-C4C6BE852432}.Debug|Any CPU.Build.0 = Debug|Any CPU
		{1ACCD868-8203-498F-97CC-C4C6BE852432}.Release|Any CPU.ActiveCfg = Release|Any CPU
		{1ACCD868-8203-498F-97CC-C4C6BE852432}.Release|Any CPU.Build.0 = Release|Any CPU
	EndGlobalSection
	GlobalSection(SolutionProperties) = preSolution
		HideSolutionNode = FALSE
	EndGlobalSection
	GlobalSection(ExtensibilityGlobals) = postSolution
		SolutionGuid = {5A0C64E8-C4B5-47F2-BAAA-5D7F2FAC6019}
	EndGlobalSection
EndGlobal
